
Microsoft Visual Studio Solution File, Format Version 12.00
# Visual Studio Version 17
VisualStudioVersion = 17.3.32901.215
MinimumVisualStudioVersion = 10.0.40219.1
Project("{FAE04EC0-301F-11D3-BF4B-00C04F79EFBC}") = "Task1", "Task1\Task1.csproj", "{34277A71-7531-41AA-8AA2-6F2CDBF24CDB}"
EndProject
Global
	GlobalSection(SolutionConfigurationPlatforms) = preSolution
		Debug|Any CPU = Debug|Any CPU
		Release|Any CPU = Release|Any CPU
	EndGlobalSection
	GlobalSection(ProjectConfigurationPlatforms) = postSolution
		{34277A71-7531-41AA-8AA2-6F2CDBF24CDB}.Debug|Any CPU.ActiveCfg = Debug|Any CPU
		{34277A71-7531-41AA-8AA2-6F2CDBF24CDB}.Debug|Any CPU.Build.0 = Debug|Any CPU
		{34277A71-7531-41AA-8AA2-6F2CDBF24CDB}.Release|Any CPU.ActiveCfg = Release|Any CPU
		{34277A71-7531-41AA-8AA2-6F2CDBF24CDB}.Release|Any CPU.Build.0 = Release|Any CPU
	EndGlobalSection
	GlobalSection(SolutionProperties) = preSolution
		HideSolutionNode = FALSE
	EndGlobalSection
	GlobalSection(ExtensibilityGlobals) = postSolution
		SolutionGuid = {E0837717-6A14-4A66-8A30-EC280CE4BB38}
	EndGlobalSection
EndGlobal
