
Microsoft Visual Studio Solution File, Format Version 12.00
# Visual Studio Version 17
VisualStudioVersion = 17.3.32901.215
MinimumVisualStudioVersion = 10.0.40219.1
Project("{FAE04EC0-301F-11D3-BF4B-00C04F79EFBC}") = "Task3", "Task3\Task3.csproj", "{A84A35A1-21BE-4C70-BED7-DF29356BA269}"
EndProject
Global
	GlobalSection(SolutionConfigurationPlatforms) = preSolution
		Debug|Any CPU = Debug|Any CPU
		Release|Any CPU = Release|Any CPU
	EndGlobalSection
	GlobalSection(ProjectConfigurationPlatforms) = postSolution
		{A84A35A1-21BE-4C70-BED7-DF29356BA269}.Debug|Any CPU.ActiveCfg = Debug|Any CPU
		{A84A35A1-21BE-4C70-BED7-DF29356BA269}.Debug|Any CPU.Build.0 = Debug|Any CPU
		{A84A35A1-21BE-4C70-BED7-DF29356BA269}.Release|Any CPU.ActiveCfg = Release|Any CPU
		{A84A35A1-21BE-4C70-BED7-DF29356BA269}.Release|Any CPU.Build.0 = Release|Any CPU
	EndGlobalSection
	GlobalSection(SolutionProperties) = preSolution
		HideSolutionNode = FALSE
	EndGlobalSection
	GlobalSection(ExtensibilityGlobals) = postSolution
		SolutionGuid = {16BD5367-333F-4A6D-96EA-7BE5D3A2C48E}
	EndGlobalSection
EndGlobal
