
Microsoft Visual Studio Solution File, Format Version 12.00
# Visual Studio Version 17
VisualStudioVersion = 17.3.32901.215
MinimumVisualStudioVersion = 10.0.40219.1
Project("{FAE04EC0-301F-11D3-BF4B-00C04F79EFBC}") = "HomeWork6", "HomeWork6\HomeWork6.csproj", "{BF5BEEA6-432C-4F3D-8422-BD3168F6C8F9}"
EndProject
Global
	GlobalSection(SolutionConfigurationPlatforms) = preSolution
		Debug|Any CPU = Debug|Any CPU
		Release|Any CPU = Release|Any CPU
	EndGlobalSection
	GlobalSection(ProjectConfigurationPlatforms) = postSolution
		{BF5BEEA6-432C-4F3D-8422-BD3168F6C8F9}.Debug|Any CPU.ActiveCfg = Debug|Any CPU
		{BF5BEEA6-432C-4F3D-8422-BD3168F6C8F9}.Debug|Any CPU.Build.0 = Debug|Any CPU
		{BF5BEEA6-432C-4F3D-8422-BD3168F6C8F9}.Release|Any CPU.ActiveCfg = Release|Any CPU
		{BF5BEEA6-432C-4F3D-8422-BD3168F6C8F9}.Release|Any CPU.Build.0 = Release|Any CPU
	EndGlobalSection
	GlobalSection(SolutionProperties) = preSolution
		HideSolutionNode = FALSE
	EndGlobalSection
	GlobalSection(ExtensibilityGlobals) = postSolution
		SolutionGuid = {99D3AE39-4FC0-4C9B-A3A4-FA80E1AFBC2E}
	EndGlobalSection
EndGlobal
