
Microsoft Visual Studio Solution File, Format Version 12.00
# Visual Studio Version 17
VisualStudioVersion = 17.3.32901.215
MinimumVisualStudioVersion = 10.0.40219.1
Project("{FAE04EC0-301F-11D3-BF4B-00C04F79EFBC}") = "Task2", "Task2\Task2.csproj", "{A30B31BE-3D25-43EC-B265-84EEA11185EB}"
EndProject
Global
	GlobalSection(SolutionConfigurationPlatforms) = preSolution
		Debug|Any CPU = Debug|Any CPU
		Release|Any CPU = Release|Any CPU
	EndGlobalSection
	GlobalSection(ProjectConfigurationPlatforms) = postSolution
		{A30B31BE-3D25-43EC-B265-84EEA11185EB}.Debug|Any CPU.ActiveCfg = Debug|Any CPU
		{A30B31BE-3D25-43EC-B265-84EEA11185EB}.Debug|Any CPU.Build.0 = Debug|Any CPU
		{A30B31BE-3D25-43EC-B265-84EEA11185EB}.Release|Any CPU.ActiveCfg = Release|Any CPU
		{A30B31BE-3D25-43EC-B265-84EEA11185EB}.Release|Any CPU.Build.0 = Release|Any CPU
	EndGlobalSection
	GlobalSection(SolutionProperties) = preSolution
		HideSolutionNode = FALSE
	EndGlobalSection
	GlobalSection(ExtensibilityGlobals) = postSolution
		SolutionGuid = {16364250-74C8-4FB3-98D4-83BC4BD32228}
	EndGlobalSection
EndGlobal
